
Microsoft Visual Studio Solution File, Format Version 12.00
# Visual Studio Version 16
VisualStudioVersion = 16.0.30011.22
MinimumVisualStudioVersion = 10.0.40219.1
Project("{FAE04EC0-301F-11D3-BF4B-00C04F79EFBC}") = "Classes", "Classes\Classes.csproj", "{91555A30-8288-4E6A-86C1-8504553B07DC}"
EndProject
Global
	GlobalSection(SolutionConfigurationPlatforms) = preSolution
		Debug|Any CPU = Debug|Any CPU
		Release|Any CPU = Release|Any CPU
	EndGlobalSection
	GlobalSection(ProjectConfigurationPlatforms) = postSolution
		{91555A30-8288-4E6A-86C1-8504553B07DC}.Debug|Any CPU.ActiveCfg = Debug|Any CPU
		{91555A30-8288-4E6A-86C1-8504553B07DC}.Debug|Any CPU.Build.0 = Debug|Any CPU
		{91555A30-8288-4E6A-86C1-8504553B07DC}.Release|Any CPU.ActiveCfg = Release|Any CPU
		{91555A30-8288-4E6A-86C1-8504553B07DC}.Release|Any CPU.Build.0 = Release|Any CPU
	EndGlobalSection
	GlobalSection(SolutionProperties) = preSolution
		HideSolutionNode = FALSE
	EndGlobalSection
	GlobalSection(ExtensibilityGlobals) = postSolution
		SolutionGuid = {A6045E57-F0FA-4FA2-8AF9-48CDEB09419B}
	EndGlobalSection
EndGlobal
