
Microsoft Visual Studio Solution File, Format Version 12.00
# Visual Studio Version 16
VisualStudioVersion = 16.0.30011.22
MinimumVisualStudioVersion = 10.0.40219.1
Project("{FAE04EC0-301F-11D3-BF4B-00C04F79EFBC}") = "Forms_app_looping", "Forms_app_looping\Forms_app_looping.csproj", "{917E4105-BC0D-4F86-BE73-A2176537B927}"
EndProject
Global
	GlobalSection(SolutionConfigurationPlatforms) = preSolution
		Debug|Any CPU = Debug|Any CPU
		Release|Any CPU = Release|Any CPU
	EndGlobalSection
	GlobalSection(ProjectConfigurationPlatforms) = postSolution
		{917E4105-BC0D-4F86-BE73-A2176537B927}.Debug|Any CPU.ActiveCfg = Debug|Any CPU
		{917E4105-BC0D-4F86-BE73-A2176537B927}.Debug|Any CPU.Build.0 = Debug|Any CPU
		{917E4105-BC0D-4F86-BE73-A2176537B927}.Release|Any CPU.ActiveCfg = Release|Any CPU
		{917E4105-BC0D-4F86-BE73-A2176537B927}.Release|Any CPU.Build.0 = Release|Any CPU
	EndGlobalSection
	GlobalSection(SolutionProperties) = preSolution
		HideSolutionNode = FALSE
	EndGlobalSection
	GlobalSection(ExtensibilityGlobals) = postSolution
		SolutionGuid = {ABD4A620-3DF1-4876-86CD-FE292A92C4BE}
	EndGlobalSection
EndGlobal
