
Microsoft Visual Studio Solution File, Format Version 12.00
# Visual Studio Version 16
VisualStudioVersion = 16.0.30011.22
MinimumVisualStudioVersion = 10.0.40219.1
Project("{FAE04EC0-301F-11D3-BF4B-00C04F79EFBC}") = "Counting_Numbers", "Counting_Numbers\Counting_Numbers.csproj", "{239232A1-6C18-4DA4-A51A-B53561DAE50B}"
EndProject
Global
	GlobalSection(SolutionConfigurationPlatforms) = preSolution
		Debug|Any CPU = Debug|Any CPU
		Release|Any CPU = Release|Any CPU
	EndGlobalSection
	GlobalSection(ProjectConfigurationPlatforms) = postSolution
		{239232A1-6C18-4DA4-A51A-B53561DAE50B}.Debug|Any CPU.ActiveCfg = Debug|Any CPU
		{239232A1-6C18-4DA4-A51A-B53561DAE50B}.Debug|Any CPU.Build.0 = Debug|Any CPU
		{239232A1-6C18-4DA4-A51A-B53561DAE50B}.Release|Any CPU.ActiveCfg = Release|Any CPU
		{239232A1-6C18-4DA4-A51A-B53561DAE50B}.Release|Any CPU.Build.0 = Release|Any CPU
	EndGlobalSection
	GlobalSection(SolutionProperties) = preSolution
		HideSolutionNode = FALSE
	EndGlobalSection
	GlobalSection(ExtensibilityGlobals) = postSolution
		SolutionGuid = {F5DBF9B8-8662-4979-B192-37C7CD2ED5F7}
	EndGlobalSection
EndGlobal
